<?xml version="1.0" encoding="utf-8"?>
<Project ToolsVersion="4.0" xmlns="http://schemas.microsoft.com/developer/msbuild/2003">
  <ItemGroup>
    <Filter Include="Source Files">
      <UniqueIdentifier>{4FC737F1-C7A5-4376-A066-2A32D752A2FF}</UniqueIdentifier>
      <Extensions>cpp;c;cc;cxx;def;odl;idl;hpj;bat;asm;asmx</Extensions>
    </Filter>
    <Filter Include="Header Files">
      <UniqueIdentifier>{93995380-89BD-4b04-88EB-625FBE52EBFB}</UniqueIdentifier>
      <Extensions>h;hpp;hxx;hm;inl;inc;xsd</Extensions>
    </Filter>
    <Filter Include="Resource Files">
      <UniqueIdentifier>{67DA6AB6-F800-4c08-8B7A-83BB121AAD01}</UniqueIdentifier>
      <Extensions>rc;ico;cur;bmp;dlg;rc2;rct;bin;rgs;gif;jpg;jpeg;jpe;resx;tiff;tif;png;wav</Extensions>
    </Filter>
  </ItemGroup>
  <ItemGroup>
    <ClCompile Include="AboutDialog.cpp">
      <Filter>Source Files</Filter>
    </ClCompile>
    <ClCompile Include="AddStudentDialog.cpp">
      <Filter>Source Files</Filter>
    </ClCompile>
    <ClCompile Include="AddUser.cpp">
      <Filter>Source Files</Filter>
    </ClCompile>
    <ClCompile Include="ApplicaionForm.cpp">
      <Filter>Source Files</Filter>
    </ClCompile>
    <ClCompile Include="Applicants.cpp">
      <Filter>Source Files</Filter>
    </ClCompile>
    <ClCompile Include="BackupDialog.cpp">
      <Filter>Source Files</Filter>
    </ClCompile>
    <ClCompile Include="ClassGradeReport.cpp">
      <Filter>Source Files</Filter>
    </ClCompile>
    <ClCompile Include="ComboBoxUtility.cpp">
      <Filter>Source Files</Filter>
    </ClCompile>
    <ClCompile Include="configclass.cpp">
      <Filter>Source Files</Filter>
    </ClCompile>
    <ClCompile Include="Courses.cpp">
      <Filter>Source Files</Filter>
    </ClCompile>
    <ClCompile Include="DataGridViewPrinter.cpp">
      <Filter>Source Files</Filter>
    </ClCompile>
    <ClCompile Include="Find Dialog.cpp">
      <Filter>Source Files</Filter>
    </ClCompile>
    <ClCompile Include="GradePointForm.cpp">
      <Filter>Source Files</Filter>
    </ClCompile>
    <ClCompile Include="GradeReport.cpp">
      <Filter>Source Files</Filter>
    </ClCompile>
    <ClCompile Include="ItemsPurchaseable.cpp">
      <Filter>Source Files</Filter>
    </ClCompile>
    <ClCompile Include="LCBCAdminSystem.cpp">
      <Filter>Source Files</Filter>
    </ClCompile>
    <ClCompile Include="LoadPanel.cpp">
      <Filter>Source Files</Filter>
    </ClCompile>
    <ClCompile Include="PaymentForm.cpp">
      <Filter>Source Files</Filter>
    </ClCompile>
    <ClCompile Include="print.cpp">
      <Filter>Source Files</Filter>
    </ClCompile>
    <ClCompile Include="Reciepts.cpp">
      <Filter>Source Files</Filter>
    </ClCompile>
    <ClCompile Include="RegistrationForm.cpp">
      <Filter>Source Files</Filter>
    </ClCompile>
    <ClCompile Include="StartOptionsDialog.cpp">
      <Filter>Source Files</Filter>
    </ClCompile>
    <ClCompile Include="stdafx.cpp">
      <Filter>Source Files</Filter>
    </ClCompile>
    <ClCompile Include="Students.cpp">
      <Filter>Source Files</Filter>
    </ClCompile>
    <ClCompile Include="UsersAndGroupsDialog.cpp">
      <Filter>Source Files</Filter>
    </ClCompile>
    <ClCompile Include="LoginDialog.cpp">
      <Filter>Header Files</Filter>
    </ClCompile>
  </ItemGroup>
  <ItemGroup>
    <ClInclude Include="AboutDialog.h">
      <Filter>Header Files</Filter>
    </ClInclude>
    <ClInclude Include="AddStudentDialog.h">
      <Filter>Header Files</Filter>
    </ClInclude>
    <ClInclude Include="AddUser.h">
      <Filter>Header Files</Filter>
    </ClInclude>
    <ClInclude Include="ApplicaionForm.h">
      <Filter>Header Files</Filter>
    </ClInclude>
    <ClInclude Include="Applicants.h">
      <Filter>Header Files</Filter>
    </ClInclude>
    <ClInclude Include="BackupDialog.h">
      <Filter>Header Files</Filter>
    </ClInclude>
    <ClInclude Include="ClassGradeReport.h">
      <Filter>Header Files</Filter>
    </ClInclude>
    <ClInclude Include="ComboBoxUtility.h">
      <Filter>Header Files</Filter>
    </ClInclude>
    <ClInclude Include="configclass.h">
      <Filter>Header Files</Filter>
    </ClInclude>
    <ClInclude Include="Courses.h">
      <Filter>Header Files</Filter>
    </ClInclude>
    <ClInclude Include="DataAccessClass.h">
      <Filter>Header Files</Filter>
    </ClInclude>
    <ClInclude Include="DataGridViewPrinter.h">
      <Filter>Header Files</Filter>
    </ClInclude>
    <ClInclude Include="Find Dialog.h">
      <Filter>Header Files</Filter>
    </ClInclude>
    <ClInclude Include="GradePointForm.h">
      <Filter>Header Files</Filter>
    </ClInclude>
    <ClInclude Include="GradeReport.h">
      <Filter>Header Files</Filter>
    </ClInclude>
    <ClInclude Include="ItemsPurchaseable.h">
      <Filter>Header Files</Filter>
    </ClInclude>
    <ClInclude Include="LoadPanel.h">
      <Filter>Header Files</Filter>
    </ClInclude>
    <ClInclude Include="LoginDialog.h">
      <Filter>Header Files</Filter>
    </ClInclude>
    <ClInclude Include="PaymentForm.h">
      <Filter>Header Files</Filter>
    </ClInclude>
    <ClInclude Include="print.h">
      <Filter>Header Files</Filter>
    </ClInclude>
    <ClInclude Include="Reciepts.h">
      <Filter>Header Files</Filter>
    </ClInclude>
    <ClInclude Include="RegistrationForm.h">
      <Filter>Header Files</Filter>
    </ClInclude>
    <ClInclude Include="resource.h">
      <Filter>Header Files</Filter>
    </ClInclude>
    <ClInclude Include="StartOptionsDialog.h">
      <Filter>Header Files</Filter>
    </ClInclude>
    <ClInclude Include="stdafx.h">
      <Filter>Header Files</Filter>
    </ClInclude>
    <ClInclude Include="Students.h">
      <Filter>Header Files</Filter>
    </ClInclude>
    <ClInclude Include="UserNameAndPassword.h">
      <Filter>Header Files</Filter>
    </ClInclude>
    <ClInclude Include="UsersAndGroupsDialog.h">
      <Filter>Header Files</Filter>
    </ClInclude>
  </ItemGroup>
  <ItemGroup>
    <EmbeddedResource Include="LoginDialog.resx">
      <Filter>Header Files</Filter>
    </EmbeddedResource>
    <EmbeddedResource Include="AboutDialog.resx">
      <Filter>Resource Files</Filter>
    </EmbeddedResource>
    <EmbeddedResource Include="ApplicaionForm.resx">
      <Filter>Resource Files</Filter>
    </EmbeddedResource>
    <EmbeddedResource Include="ApplicantAddedDialog.resx">
      <Filter>Resource Files</Filter>
    </EmbeddedResource>
    <EmbeddedResource Include="Applicants.resx">
      <Filter>Resource Files</Filter>
    </EmbeddedResource>
    <EmbeddedResource Include="BackupDialog.resx">
      <Filter>Resource Files</Filter>
    </EmbeddedResource>
    <EmbeddedResource Include="ClassGradeReport.resx">
      <Filter>Resource Files</Filter>
    </EmbeddedResource>
    <EmbeddedResource Include="Courses.resx">
      <Filter>Resource Files</Filter>
    </EmbeddedResource>
    <EmbeddedResource Include="GradePointForm.resx">
      <Filter>Resource Files</Filter>
    </EmbeddedResource>
    <EmbeddedResource Include="GradeReport.resx">
      <Filter>Resource Files</Filter>
    </EmbeddedResource>
    <EmbeddedResource Include="ItemsPurchaseable.resx">
      <Filter>Resource Files</Filter>
    </EmbeddedResource>
    <EmbeddedResource Include="PaymentForm.resx">
      <Filter>Resource Files</Filter>
    </EmbeddedResource>
    <EmbeddedResource Include="Reciepts.resx">
      <Filter>Resource Files</Filter>
    </EmbeddedResource>
    <EmbeddedResource Include="RegistrationForm.resx">
      <Filter>Resource Files</Filter>
    </EmbeddedResource>
    <EmbeddedResource Include="StartOptionsDialog.resx">
      <Filter>Resource Files</Filter>
    </EmbeddedResource>
    <EmbeddedResource Include="Students.resx">
      <Filter>Resource Files</Filter>
    </EmbeddedResource>
  </ItemGroup>
  <ItemGroup>
    <None Include="app.ico">
      <Filter>Resource Files</Filter>
    </None>
    <None Include="ReadMe.txt" />
  </ItemGroup>
  <ItemGroup>
    <ResourceCompile Include="app.rc">
      <Filter>Resource Files</Filter>
    </ResourceCompile>
  </ItemGroup>
</Project>